
Microsoft Visual Studio Solution File, Format Version 12.00
# Visual Studio 15
VisualStudioVersion = 15.0.25807.0
MinimumVisualStudioVersion = 10.0.40219.1
Project("{2150E333-8FDC-42A3-9474-1A3956D46DE8}") = "Engine", "Engine", "{128641AC-E805-4683-BB89-263E6F9BE915}"
EndProject
Project("{2150E333-8FDC-42A3-9474-1A3956D46DE8}") = "Games", "Games", "{AE0DC93A-39B9-4E86-937D-E48CECDC411E}"
EndProject
Project("{8BC9CEB8-8B4A-11D0-8D11-00A0C91BC942}") = "UE4", "Intermediate\ProjectFiles\UE4.vcxproj", "{51463240-5AB7-42D3-9866-716D254F74C9}"
EndProject
Project("{8BC9CEB8-8B4A-11D0-8D11-00A0C91BC942}") = "BuildingEscape", "Intermediate\ProjectFiles\BuildingEscape.vcxproj", "{0204CCDA-65E4-40EC-85F9-82E613F1E4BA}"
EndProject
Global
	GlobalSection(SolutionConfigurationPlatforms) = preSolution
		DebugGame Editor|HTML5 = DebugGame Editor|HTML5
		DebugGame Editor|IOS = DebugGame Editor|IOS
		DebugGame Editor|Win32 = DebugGame Editor|Win32
		DebugGame Editor|Win64 = DebugGame Editor|Win64
		DebugGame|HTML5 = DebugGame|HTML5
		DebugGame|IOS = DebugGame|IOS
		DebugGame|Win32 = DebugGame|Win32
		DebugGame|Win64 = DebugGame|Win64
		Development Editor|HTML5 = Development Editor|HTML5
		Development Editor|IOS = Development Editor|IOS
		Development Editor|Win32 = Development Editor|Win32
		Development Editor|Win64 = Development Editor|Win64
		Development|HTML5 = Development|HTML5
		Development|IOS = Development|IOS
		Development|Win32 = Development|Win32
		Development|Win64 = Development|Win64
		Shipping|HTML5 = Shipping|HTML5
		Shipping|IOS = Shipping|IOS
		Shipping|Win32 = Shipping|Win32
		Shipping|Win64 = Shipping|Win64
	EndGlobalSection
	GlobalSection(ProjectConfigurationPlatforms) = postSolution
		{51463240-5AB7-42D3-9866-716D254F74C9}.DebugGame Editor|HTML5.ActiveCfg = BuiltWithUnrealBuildTool|Win32
		{51463240-5AB7-42D3-9866-716D254F74C9}.DebugGame Editor|HTML5.Build.0 = BuiltWithUnrealBuildTool|Win32
		{51463240-5AB7-42D3-9866-716D254F74C9}.DebugGame Editor|IOS.ActiveCfg = BuiltWithUnrealBuildTool|Win32
		{51463240-5AB7-42D3-9866-716D254F74C9}.DebugGame Editor|IOS.Build.0 = BuiltWithUnrealBuildTool|Win32
		{51463240-5AB7-42D3-9866-716D254F74C9}.DebugGame Editor|Win32.ActiveCfg = BuiltWithUnrealBuildTool|Win32
		{51463240-5AB7-42D3-9866-716D254F74C9}.DebugGame Editor|Win32.Build.0 = BuiltWithUnrealBuildTool|Win32
		{51463240-5AB7-42D3-9866-716D254F74C9}.DebugGame Editor|Win64.ActiveCfg = BuiltWithUnrealBuildTool|Win32
		{51463240-5AB7-42D3-9866-716D254F74C9}.DebugGame Editor|Win64.Build.0 = BuiltWithUnrealBuildTool|Win32
		{51463240-5AB7-42D3-9866-716D254F74C9}.DebugGame|HTML5.ActiveCfg = BuiltWithUnrealBuildTool|Win32
		{51463240-5AB7-42D3-9866-716D254F74C9}.DebugGame|HTML5.Build.0 = BuiltWithUnrealBuildTool|Win32
		{51463240-5AB7-42D3-9866-716D254F74C9}.DebugGame|IOS.ActiveCfg = BuiltWithUnrealBuildTool|Win32
		{51463240-5AB7-42D3-9866-716D254F74C9}.DebugGame|IOS.Build.0 = BuiltWithUnrealBuildTool|Win32
		{51463240-5AB7-42D3-9866-716D254F74C9}.DebugGame|Win32.ActiveCfg = BuiltWithUnrealBuildTool|Win32
		{51463240-5AB7-42D3-9866-716D254F74C9}.DebugGame|Win32.Build.0 = BuiltWithUnrealBuildTool|Win32
		{51463240-5AB7-42D3-9866-716D254F74C9}.DebugGame|Win64.ActiveCfg = BuiltWithUnrealBuildTool|Win32
		{51463240-5AB7-42D3-9866-716D254F74C9}.DebugGame|Win64.Build.0 = BuiltWithUnrealBuildTool|Win32
		{51463240-5AB7-42D3-9866-716D254F74C9}.Development Editor|HTML5.ActiveCfg = BuiltWithUnrealBuildTool|Win32
		{51463240-5AB7-42D3-9866-716D254F74C9}.Development Editor|HTML5.Build.0 = BuiltWithUnrealBuildTool|Win32
		{51463240-5AB7-42D3-9866-716D254F74C9}.Development Editor|IOS.ActiveCfg = BuiltWithUnrealBuildTool|Win32
		{51463240-5AB7-42D3-9866-716D254F74C9}.Development Editor|IOS.Build.0 = BuiltWithUnrealBuildTool|Win32
		{51463240-5AB7-42D3-9866-716D254F74C9}.Development Editor|Win32.ActiveCfg = BuiltWithUnrealBuildTool|Win32
		{51463240-5AB7-42D3-9866-716D254F74C9}.Development Editor|Win32.Build.0 = BuiltWithUnrealBuildTool|Win32
		{51463240-5AB7-42D3-9866-716D254F74C9}.Development Editor|Win64.ActiveCfg = BuiltWithUnrealBuildTool|Win32
		{51463240-5AB7-42D3-9866-716D254F74C9}.Development Editor|Win64.Build.0 = BuiltWithUnrealBuildTool|Win32
		{51463240-5AB7-42D3-9866-716D254F74C9}.Development|HTML5.ActiveCfg = BuiltWithUnrealBuildTool|Win32
		{51463240-5AB7-42D3-9866-716D254F74C9}.Development|HTML5.Build.0 = BuiltWithUnrealBuildTool|Win32
		{51463240-5AB7-42D3-9866-716D254F74C9}.Development|IOS.ActiveCfg = BuiltWithUnrealBuildTool|Win32
		{51463240-5AB7-42D3-9866-716D254F74C9}.Development|IOS.Build.0 = BuiltWithUnrealBuildTool|Win32
		{51463240-5AB7-42D3-9866-716D254F74C9}.Development|Win32.ActiveCfg = BuiltWithUnrealBuildTool|Win32
		{51463240-5AB7-42D3-9866-716D254F74C9}.Development|Win32.Build.0 = BuiltWithUnrealBuildTool|Win32
		{51463240-5AB7-42D3-9866-716D254F74C9}.Development|Win64.ActiveCfg = BuiltWithUnrealBuildTool|Win32
		{51463240-5AB7-42D3-9866-716D254F74C9}.Development|Win64.Build.0 = BuiltWithUnrealBuildTool|Win32
		{51463240-5AB7-42D3-9866-716D254F74C9}.Shipping|HTML5.ActiveCfg = BuiltWithUnrealBuildTool|Win32
		{51463240-5AB7-42D3-9866-716D254F74C9}.Shipping|HTML5.Build.0 = BuiltWithUnrealBuildTool|Win32
		{51463240-5AB7-42D3-9866-716D254F74C9}.Shipping|IOS.ActiveCfg = BuiltWithUnrealBuildTool|Win32
		{51463240-5AB7-42D3-9866-716D254F74C9}.Shipping|IOS.Build.0 = BuiltWithUnrealBuildTool|Win32
		{51463240-5AB7-42D3-9866-716D254F74C9}.Shipping|Win32.ActiveCfg = BuiltWithUnrealBuildTool|Win32
		{51463240-5AB7-42D3-9866-716D254F74C9}.Shipping|Win32.Build.0 = BuiltWithUnrealBuildTool|Win32
		{51463240-5AB7-42D3-9866-716D254F74C9}.Shipping|Win64.ActiveCfg = BuiltWithUnrealBuildTool|Win32
		{51463240-5AB7-42D3-9866-716D254F74C9}.Shipping|Win64.Build.0 = BuiltWithUnrealBuildTool|Win32
		{0204CCDA-65E4-40EC-85F9-82E613F1E4BA}.DebugGame Editor|HTML5.ActiveCfg = HTML5_DebugGame_Editor|Win32
		{0204CCDA-65E4-40EC-85F9-82E613F1E4BA}.DebugGame Editor|IOS.ActiveCfg = IOS_DebugGame_Editor|Win32
		{0204CCDA-65E4-40EC-85F9-82E613F1E4BA}.DebugGame Editor|Win32.ActiveCfg = DebugGame_Editor|Win32
		{0204CCDA-65E4-40EC-85F9-82E613F1E4BA}.DebugGame Editor|Win64.ActiveCfg = DebugGame_Editor|x64
		{0204CCDA-65E4-40EC-85F9-82E613F1E4BA}.DebugGame Editor|Win64.Build.0 = DebugGame_Editor|x64
		{0204CCDA-65E4-40EC-85F9-82E613F1E4BA}.DebugGame|HTML5.ActiveCfg = HTML5_DebugGame_Game|Win32
		{0204CCDA-65E4-40EC-85F9-82E613F1E4BA}.DebugGame|HTML5.Build.0 = HTML5_DebugGame_Game|Win32
		{0204CCDA-65E4-40EC-85F9-82E613F1E4BA}.DebugGame|IOS.ActiveCfg = IOS_DebugGame_Game|Win32
		{0204CCDA-65E4-40EC-85F9-82E613F1E4BA}.DebugGame|IOS.Build.0 = IOS_DebugGame_Game|Win32
		{0204CCDA-65E4-40EC-85F9-82E613F1E4BA}.DebugGame|Win32.ActiveCfg = DebugGame_Game|Win32
		{0204CCDA-65E4-40EC-85F9-82E613F1E4BA}.DebugGame|Win32.Build.0 = DebugGame_Game|Win32
		{0204CCDA-65E4-40EC-85F9-82E613F1E4BA}.DebugGame|Win64.ActiveCfg = DebugGame_Game|x64
		{0204CCDA-65E4-40EC-85F9-82E613F1E4BA}.DebugGame|Win64.Build.0 = DebugGame_Game|x64
		{0204CCDA-65E4-40EC-85F9-82E613F1E4BA}.Development Editor|HTML5.ActiveCfg = HTML5_Development_Editor|Win32
		{0204CCDA-65E4-40EC-85F9-82E613F1E4BA}.Development Editor|IOS.ActiveCfg = IOS_Development_Editor|Win32
		{0204CCDA-65E4-40EC-85F9-82E613F1E4BA}.Development Editor|Win32.ActiveCfg = Development_Editor|Win32
		{0204CCDA-65E4-40EC-85F9-82E613F1E4BA}.Development Editor|Win64.ActiveCfg = Development_Editor|x64
		{0204CCDA-65E4-40EC-85F9-82E613F1E4BA}.Development Editor|Win64.Build.0 = Development_Editor|x64
		{0204CCDA-65E4-40EC-85F9-82E613F1E4BA}.Development|HTML5.ActiveCfg = HTML5_Development_Game|Win32
		{0204CCDA-65E4-40EC-85F9-82E613F1E4BA}.Development|HTML5.Build.0 = HTML5_Development_Game|Win32
		{0204CCDA-65E4-40EC-85F9-82E613F1E4BA}.Development|IOS.ActiveCfg = IOS_Development_Game|Win32
		{0204CCDA-65E4-40EC-85F9-82E613F1E4BA}.Development|IOS.Build.0 = IOS_Development_Game|Win32
		{0204CCDA-65E4-40EC-85F9-82E613F1E4BA}.Development|Win32.ActiveCfg = Development_Game|Win32
		{0204CCDA-65E4-40EC-85F9-82E613F1E4BA}.Development|Win32.Build.0 = Development_Game|Win32
		{0204CCDA-65E4-40EC-85F9-82E613F1E4BA}.Development|Win64.ActiveCfg = Development_Game|x64
		{0204CCDA-65E4-40EC-85F9-82E613F1E4BA}.Development|Win64.Build.0 = Development_Game|x64
		{0204CCDA-65E4-40EC-85F9-82E613F1E4BA}.Shipping|HTML5.ActiveCfg = HTML5_Shipping_Game|Win32
		{0204CCDA-65E4-40EC-85F9-82E613F1E4BA}.Shipping|HTML5.Build.0 = HTML5_Shipping_Game|Win32
		{0204CCDA-65E4-40EC-85F9-82E613F1E4BA}.Shipping|IOS.ActiveCfg = IOS_Shipping_Game|Win32
		{0204CCDA-65E4-40EC-85F9-82E613F1E4BA}.Shipping|IOS.Build.0 = IOS_Shipping_Game|Win32
		{0204CCDA-65E4-40EC-85F9-82E613F1E4BA}.Shipping|Win32.ActiveCfg = Shipping_Game|Win32
		{0204CCDA-65E4-40EC-85F9-82E613F1E4BA}.Shipping|Win32.Build.0 = Shipping_Game|Win32
		{0204CCDA-65E4-40EC-85F9-82E613F1E4BA}.Shipping|Win64.ActiveCfg = Shipping_Game|x64
		{0204CCDA-65E4-40EC-85F9-82E613F1E4BA}.Shipping|Win64.Build.0 = Shipping_Game|x64
	EndGlobalSection
	GlobalSection(SolutionProperties) = preSolution
		HideSolutionNode = FALSE
	EndGlobalSection
	GlobalSection(NestedProjects) = preSolution
		{51463240-5AB7-42D3-9866-716D254F74C9} = {128641AC-E805-4683-BB89-263E6F9BE915}
		{0204CCDA-65E4-40EC-85F9-82E613F1E4BA} = {AE0DC93A-39B9-4E86-937D-E48CECDC411E}
	EndGlobalSection
	GlobalSection(ExtensibilityGlobals) = postSolution
		SolutionGuid = {56F3AD02-6F74-40A3-AA61-B0859A6AB94E}
	EndGlobalSection
EndGlobal
